{
  "pins" : [
    {
      "identity" : "swiftphoenixclient",
      "kind" : "remoteSourceControl",
      "location" : "https://github.com/knocklabs/SwiftPhoenixClient.git",
      "state" : {
        "revision" : "4614dec274183513a7efec7a20ffb761f9423aef",
        "version" : "5.3.6-knock.1"
      }
    }
  ],
  "version" : 2
}
